// !$*UTF8*$!
{
	archiveVersion = 1;
	classes = {
	};
	objectVersion = 46;
	objects = {

/* Begin PBXBuildFile section */
		DE01A0F21C5AFC4600C46CDB /* main.cpp in Sources */ = {isa = PBXBuildFile; fileRef = DE01A0F11C5AFC4600C46CDB /* main.cpp */; };
/* End PBXBuildFile section */

/* Begin PBXCopyFilesBuildPhase section */
		DE01A0EC1C5AFC4600C46CDB /* CopyFiles */ = {
			isa = PBXCopyFilesBuildPhase;
			buildActionMask = 2147483647;
			dstPath = /usr/share/man/man1/;
			dstSubfolderSpec = 0;
			files = (
			);
			runOnlyForDeploymentPostprocessing = 1;
		};
/* End PBXCopyFilesBuildPhase section */

/* Begin PBXFileReference section */
		DE01A0EE1C5AFC4600C46CDB /* vector */ = {isa = PBXFileReference; explicitFileType = "compiled.mach-o.executable"; includeInIndex = 0; path = vector; sourceTree = BUILT_PRODUCTS_DIR; };
		DE01A0F11C5AFC4600C46CDB /* main.cpp */ = {isa = PBXFileReference; lastKnownFileType = sourcecode.cpp.cpp; path = main.cpp; sourceTree = "<group>"; };
/* End PBXFileReference section */

/* Begin PBXFrameworksBuildPhase section */
		DE01A0EB1C5AFC4600C46CDB /* Frameworks */ = {
			isa = PBXFrameworksBuildPhase;
			buildActionMask = 2147483647;
			files = (
			);
			runOnlyForDeploymentPostprocessing = 0;
		};
/* End PBXFrameworksBuildPhase section */

/* Begin PBXGroup section */
		DE01A0E51C5AFC4600C46CDB = {
			isa = PBXGroup;
			children = (
				DE01A0F01C5AFC4600C46CDB /* vector */,
				DE01A0EF1C5AFC4600C46CDB /* Products */,
			);
			sourceTree = "<group>";
		};
		DE01A0EF1C5AFC4600C46CDB /* Products */ = {
			isa = PBXGroup;
			children = (
				DE01A0EE1C5AFC4600C46CDB /* vector */,
			);
			name = Products;
			sourceTree = "<group>";
		};
		DE01A0F01C5AFC4600C46CDB /* vector */ = {
			isa = PBXGroup;
			children = (
				DE01A0F11C5AFC4600C46CDB /* main.cpp */,
			);
			path = vector;
			sourceTree = "<group>";
		};
/* End PBXGroup section */

/* Begin PBXNativeTarget section */
		DE01A0ED1C5AFC4600C46CDB /* vector */ = {
			isa = PBXNativeTarget;
			buildConfigurationList = DE01A0F51C5AFC4600C46CDB /* Build configuration list for PBXNativeTarget "vector" */;
			buildPhases = (
				DE01A0EA1C5AFC4600C46CDB /* Sources */,
				DE01A0EB1C5AFC4600C46CDB /* Frameworks */,
				DE01A0EC1C5AFC4600C46CDB /* CopyFiles */,
			);
			buildRules = (
			);
			dependencies = (
			);
			name = vector;
			productName = vector;
			productReference = DE01A0EE1C5AFC4600C46CDB /* vector */;
			productType = "com.apple.product-type.tool";
		};
/* End PBXNativeTarget section */

/* Begin PBXProject section */
		DE01A0E61C5AFC4600C46CDB /* Project object */ = {
			isa = PBXProject;
			attributes = {
				LastUpgradeCheck = 0720;
				ORGANIZATIONNAME = utaustin;
				TargetAttributes = {
					DE01A0ED1C5AFC4600C46CDB = {
						CreatedOnToolsVersion = 7.2;
					};
				};
			};
			buildConfigurationList = DE01A0E91C5AFC4600C46CDB /* Build configuration list for PBXProject "vector" */;
			compatibilityVersion = "Xcode 3.2";
			developmentRegion = English;
			hasScannedForEncodings = 0;
			knownRegions = (
				en,
			);
			mainGroup = DE01A0E51C5AFC4600C46CDB;
			productRefGroup = DE01A0EF1C5AFC4600C46CDB /* Products */;
			projectDirPath = "";
			projectRoot = "";
			targets = (
				DE01A0ED1C5AFC4600C46CDB /* vector */,
			);
		};
/* End PBXProject section */

/* Begin PBXSourcesBuildPhase section */
		DE01A0EA1C5AFC4600C46CDB /* Sources */ = {
			isa = PBXSourcesBuildPhase;
			buildActionMask = 2147483647;
			files = (
				DE01A0F21C5AFC4600C46CDB /* main.cpp in Sources */,
			);
			runOnlyForDeploymentPostprocessing = 0;
		};
/* End PBXSourcesBuildPhase section */

/* Begin XCBuildConfiguration section */
		DE01A0F31C5AFC4600C46CDB /* Debug */ = {
			isa = XCBuildConfiguration;
			buildSettings = {
				ALWAYS_SEARCH_USER_PATHS = NO;
				CLANG_CXX_LANGUAGE_STANDARD = "gnu++0x";
				CLANG_CXX_LIBRARY = "libc++";
				CLANG_ENABLE_MODULES = YES;
				CLANG_ENABLE_OBJC_ARC = YES;
				CLANG_WARN_BOOL_CONVERSION = YES;
				CLANG_WARN_CONSTANT_CONVERSION = YES;
				CLANG_WARN_DIRECT_OBJC_ISA_USAGE = YES_ERROR;
				CLANG_WARN_EMPTY_BODY = YES;
				CLANG_WARN_ENUM_CONVERSION = YES;
				CLANG_WARN_INT_CONVERSION = YES;
				CLANG_WARN_OBJC_ROOT_CLASS = YES_ERROR;
				CLANG_WARN_UNREACHABLE_CODE = YES;
				CLANG_WARN__DUPLICATE_METHOD_MATCH = YES;
				CODE_SIGN_IDENTITY = "-";
				COPY_PHASE_STRIP = NO;
				DEBUG_INFORMATION_FORMAT = dwarf;
				ENABLE_STRICT_OBJC_MSGSEND = YES;
				ENABLE_TESTABILITY = YES;
				GCC_C_LANGUAGE_STANDARD = gnu99;
				GCC_DYNAMIC_NO_PIC = NO;
				GCC_NO_COMMON_BLOCKS = YES;
				GCC_OPTIMIZATION_LEVEL = 0;
				GCC_PREPROCESSOR_DEFINITIONS = (
					"DEBUG=1",
					"$(inherited)",
				);
				GCC_WARN_64_TO_32_BIT_CONVERSION = YES;
				GCC_WARN_ABOUT_RETURN_TYPE = YES_ERROR;
				GCC_WARN_UNDECLARED_SELECTOR = YES;
				GCC_WARN_UNINITIALIZED_AUTOS = YES_AGGRESSIVE;
				GCC_WARN_UNUSED_FUNCTION = YES;
				GCC_WARN_UNUSED_VARIABLE = YES;
				MACOSX_DEPLOYMENT_TARGET = 10.11;
				MTL_ENABLE_DEBUG_INFO = YES;
				ONLY_ACTIVE_ARCH = YES;
				SDKROOT = macosx;
			};
			name = Debug;
		};
		DE01A0F41C5AFC4600C46CDB /* Release */ = {
			isa = XCBuildConfiguration;
			buildSettings = {
				ALWAYS_SEARCH_USER_PATHS = NO;
				CLANG_CXX_LANGUAGE_STANDARD = "gnu++0x";
				CLANG_CXX_LIBRARY = "libc++";
				CLANG_ENABLE_MODULES = YES;
				CLANG_ENABLE_OBJC_ARC = YES;
				CLANG_WARN_BOOL_CONVERSION = YES;
				CLANG_WARN_CONSTANT_CONVERSION = YES;
				CLANG_WARN_DIRECT_OBJC_ISA_USAGE = YES_ERROR;
				CLANG_WARN_EMPTY_BODY = YES;
				CLANG_WARN_ENUM_CONVERSION = YES;
				CLANG_WARN_INT_CONVERSION = YES;
				CLANG_WARN_OBJC_ROOT_CLASS = YES_ERROR;
				CLANG_WARN_UNREACHABLE_CODE = YES;
				CLANG_WARN__DUPLICATE_METHOD_MATCH = YES;
				CODE_SIGN_IDENTITY = "-";
				COPY_PHASE_STRIP = NO;
				DEBUG_INFORMATION_FORMAT = "dwarf-with-dsym";
				ENABLE_NS_ASSERTIONS = NO;
				ENABLE_STRICT_OBJC_MSGSEND = YES;
				GCC_C_LANGUAGE_STANDARD = gnu99;
				GCC_NO_COMMON_BLOCKS = YES;
				GCC_WARN_64_TO_32_BIT_CONVERSION = YES;
				GCC_WARN_ABOUT_RETURN_TYPE = YES_ERROR;
				GCC_WARN_UNDECLARED_SELECTOR = YES;
				GCC_WARN_UNINITIALIZED_AUTOS = YES_AGGRESSIVE;
				GCC_WARN_UNUSED_FUNCTION = YES;
				GCC_WARN_UNUSED_VARIABLE = YES;
				MACOSX_DEPLOYMENT_TARGET = 10.11;
				MTL_ENABLE_DEBUG_INFO = NO;
				SDKROOT = macosx;
			};
			name = Release;
		};
		DE01A0F61C5AFC4600C46CDB /* Debug */ = {
			isa = XCBuildConfiguration;
			buildSettings = {
				PRODUCT_NAME = "$(TARGET_NAME)";
			};
			name = Debug;
		};
		DE01A0F71C5AFC4600C46CDB /* Release */ = {
			isa = XCBuildConfiguration;
			buildSettings = {
				PRODUCT_NAME = "$(TARGET_NAME)";
			};
			name = Release;
		};
/* End XCBuildConfiguration section */

/* Begin XCConfigurationList section */
		DE01A0E91C5AFC4600C46CDB /* Build configuration list for PBXProject "vector" */ = {
			isa = XCConfigurationList;
			buildConfigurations = (
				DE01A0F31C5AFC4600C46CDB /* Debug */,
				DE01A0F41C5AFC4600C46CDB /* Release */,
			);
			defaultConfigurationIsVisible = 0;
			defaultConfigurationName = Release;
		};
		DE01A0F51C5AFC4600C46CDB /* Build configuration list for PBXNativeTarget "vector" */ = {
			isa = XCConfigurationList;
			buildConfigurations = (
				DE01A0F61C5AFC4600C46CDB /* Debug */,
				DE01A0F71C5AFC4600C46CDB /* Release */,
			);
			defaultConfigurationIsVisible = 0;
		};
/* End XCConfigurationList section */
	};
	rootObject = DE01A0E61C5AFC4600C46CDB /* Project object */;
}
